
Microsoft Visual Studio Solution File, Format Version 12.00
# Visual Studio 15
VisualStudioVersion = 15.0.28307.102
MinimumVisualStudioVersion = 10.0.40219.1
Project("{FAE04EC0-301F-11D3-BF4B-00C04F79EFBC}") = "lab7", "lab7.csproj", "{312C98F0-0CE6-49FA-981C-2D4DB036F91A}"
EndProject
Global
	GlobalSection(SolutionConfigurationPlatforms) = preSolution
		Debug|Any CPU = Debug|Any CPU
		Release|Any CPU = Release|Any CPU
	EndGlobalSection
	GlobalSection(ProjectConfigurationPlatforms) = postSolution
		{312C98F0-0CE6-49FA-981C-2D4DB036F91A}.Debug|Any CPU.ActiveCfg = Debug|Any CPU
		{312C98F0-0CE6-49FA-981C-2D4DB036F91A}.Debug|Any CPU.Build.0 = Debug|Any CPU
		{312C98F0-0CE6-49FA-981C-2D4DB036F91A}.Release|Any CPU.ActiveCfg = Release|Any CPU
		{312C98F0-0CE6-49FA-981C-2D4DB036F91A}.Release|Any CPU.Build.0 = Release|Any CPU
	EndGlobalSection
	GlobalSection(SolutionProperties) = preSolution
		HideSolutionNode = FALSE
	EndGlobalSection
	GlobalSection(ExtensibilityGlobals) = postSolution
		SolutionGuid = {1C32E9A4-4650-431A-A4A2-725C8119A35D}
	EndGlobalSection
EndGlobal
